// !$*UTF8*$!
{
	archiveVersion = 1;
	classes = {
	};
	objectVersion = 48;
	objects = {

/* Begin PBXBuildFile section */
		2719F17E1FCD056B000FE34E /* AppDelegate.m in Sources */ = {isa = PBXBuildFile; fileRef = 2719F17D1FCD056B000FE34E /* AppDelegate.m */; };
		2719F1841FCD056B000FE34E /* Main.storyboard in Resources */ = {isa = PBXBuildFile; fileRef = 2719F1821FCD056B000FE34E /* Main.storyboard */; };
		2719F1861FCD056B000FE34E /* Assets.xcassets in Resources */ = {isa = PBXBuildFile; fileRef = 2719F1851FCD056B000FE34E /* Assets.xcassets */; };
		2719F1891FCD056B000FE34E /* LaunchScreen.storyboard in Resources */ = {isa = PBXBuildFile; fileRef = 2719F1871FCD056B000FE34E /* LaunchScreen.storyboard */; };
		2719F18C1FCD056B000FE34E /* main.m in Sources */ = {isa = PBXBuildFile; fileRef = 2719F18B1FCD056B000FE34E /* main.m */; };
		2719F1961FCD39E8000FE34E /* UIImage+SXMAdd.m in Sources */ = {isa = PBXBuildFile; fileRef = 2719F1951FCD39E8000FE34E /* UIImage+SXMAdd.m */; };
		2719F19C1FCD4C4A000FE34E /* SXMRootTableViewController.m in Sources */ = {isa = PBXBuildFile; fileRef = 2719F19B1FCD4C4A000FE34E /* SXMRootTableViewController.m */; };
		2719F1A01FCD4CBF000FE34E /* SXMImageExample.m in Sources */ = {isa = PBXBuildFile; fileRef = 2719F19F1FCD4CBF000FE34E /* SXMImageExample.m */; };
		2719F1A41FCD519C000FE34E /* SXMBaseTableViewController.m in Sources */ = {isa = PBXBuildFile; fileRef = 2719F1A31FCD519C000FE34E /* SXMBaseTableViewController.m */; };
		2719F1A81FCD5377000FE34E /* SXMImageCategoryExample.m in Sources */ = {isa = PBXBuildFile; fileRef = 2719F1A61FCD5377000FE34E /* SXMImageCategoryExample.m */; };
		2719F1A91FCD5377000FE34E /* SXMImageCategoryExample.xib in Resources */ = {isa = PBXBuildFile; fileRef = 2719F1A71FCD5377000FE34E /* SXMImageCategoryExample.xib */; };
		27F9A1AA1FCEB1D200E9FF2F /* SXMStatusBarMessageView.m in Sources */ = {isa = PBXBuildFile; fileRef = 27F9A1A91FCEB1D200E9FF2F /* SXMStatusBarMessageView.m */; };
		27F9A1AE1FCEC35500E9FF2F /* SXMUIExample.m in Sources */ = {isa = PBXBuildFile; fileRef = 27F9A1AD1FCEC35500E9FF2F /* SXMUIExample.m */; };
		27F9A1B21FCF981200E9FF2F /* SXMStatusBarMessageExample.m in Sources */ = {isa = PBXBuildFile; fileRef = 27F9A1B01FCF981200E9FF2F /* SXMStatusBarMessageExample.m */; };
		27F9A1B31FCF981200E9FF2F /* SXMStatusBarMessageExample.xib in Resources */ = {isa = PBXBuildFile; fileRef = 27F9A1B11FCF981200E9FF2F /* SXMStatusBarMessageExample.xib */; };
		634DC33620200E43001E4377 /* UIView+SXMAdd.m in Sources */ = {isa = PBXBuildFile; fileRef = 634DC33520200E43001E4377 /* UIView+SXMAdd.m */; };
/* End PBXBuildFile section */

/* Begin PBXFileReference section */
		2719F1791FCD056B000FE34E /* SXMArmyDemo.app */ = {isa = PBXFileReference; explicitFileType = wrapper.application; includeInIndex = 0; path = SXMArmyDemo.app; sourceTree = BUILT_PRODUCTS_DIR; };
		2719F17C1FCD056B000FE34E /* AppDelegate.h */ = {isa = PBXFileReference; lastKnownFileType = sourcecode.c.h; path = AppDelegate.h; sourceTree = "<group>"; };
		2719F17D1FCD056B000FE34E /* AppDelegate.m */ = {isa = PBXFileReference; lastKnownFileType = sourcecode.c.objc; path = AppDelegate.m; sourceTree = "<group>"; };
		2719F1831FCD056B000FE34E /* Base */ = {isa = PBXFileReference; lastKnownFileType = file.storyboard; name = Base; path = Base.lproj/Main.storyboard; sourceTree = "<group>"; };
		2719F1851FCD056B000FE34E /* Assets.xcassets */ = {isa = PBXFileReference; lastKnownFileType = folder.assetcatalog; path = Assets.xcassets; sourceTree = "<group>"; };
		2719F1881FCD056B000FE34E /* Base */ = {isa = PBXFileReference; lastKnownFileType = file.storyboard; name = Base; path = Base.lproj/LaunchScreen.storyboard; sourceTree = "<group>"; };
		2719F18A1FCD056B000FE34E /* Info.plist */ = {isa = PBXFileReference; lastKnownFileType = text.plist.xml; path = Info.plist; sourceTree = "<group>"; };
		2719F18B1FCD056B000FE34E /* main.m */ = {isa = PBXFileReference; lastKnownFileType = sourcecode.c.objc; path = main.m; sourceTree = "<group>"; };
		2719F1941FCD39E8000FE34E /* UIImage+SXMAdd.h */ = {isa = PBXFileReference; lastKnownFileType = sourcecode.c.h; path = "UIImage+SXMAdd.h"; sourceTree = "<group>"; };
		2719F1951FCD39E8000FE34E /* UIImage+SXMAdd.m */ = {isa = PBXFileReference; lastKnownFileType = sourcecode.c.objc; path = "UIImage+SXMAdd.m"; sourceTree = "<group>"; };
		2719F19A1FCD4C4A000FE34E /* SXMRootTableViewController.h */ = {isa = PBXFileReference; lastKnownFileType = sourcecode.c.h; path = SXMRootTableViewController.h; sourceTree = "<group>"; };
		2719F19B1FCD4C4A000FE34E /* SXMRootTableViewController.m */ = {isa = PBXFileReference; lastKnownFileType = sourcecode.c.objc; path = SXMRootTableViewController.m; sourceTree = "<group>"; };
		2719F19E1FCD4CBF000FE34E /* SXMImageExample.h */ = {isa = PBXFileReference; lastKnownFileType = sourcecode.c.h; path = SXMImageExample.h; sourceTree = "<group>"; };
		2719F19F1FCD4CBF000FE34E /* SXMImageExample.m */ = {isa = PBXFileReference; lastKnownFileType = sourcecode.c.objc; path = SXMImageExample.m; sourceTree = "<group>"; };
		2719F1A21FCD519C000FE34E /* SXMBaseTableViewController.h */ = {isa = PBXFileReference; lastKnownFileType = sourcecode.c.h; path = SXMBaseTableViewController.h; sourceTree = "<group>"; };
		2719F1A31FCD519C000FE34E /* SXMBaseTableViewController.m */ = {isa = PBXFileReference; lastKnownFileType = sourcecode.c.objc; path = SXMBaseTableViewController.m; sourceTree = "<group>"; };
		2719F1A51FCD5377000FE34E /* SXMImageCategoryExample.h */ = {isa = PBXFileReference; lastKnownFileType = sourcecode.c.h; path = SXMImageCategoryExample.h; sourceTree = "<group>"; };
		2719F1A61FCD5377000FE34E /* SXMImageCategoryExample.m */ = {isa = PBXFileReference; lastKnownFileType = sourcecode.c.objc; path = SXMImageCategoryExample.m; sourceTree = "<group>"; };
		2719F1A71FCD5377000FE34E /* SXMImageCategoryExample.xib */ = {isa = PBXFileReference; lastKnownFileType = file.xib; path = SXMImageCategoryExample.xib; sourceTree = "<group>"; };
		272453021FD13D7B001BCBC5 /* SXMArmy.h */ = {isa = PBXFileReference; lastKnownFileType = sourcecode.c.h; path = SXMArmy.h; sourceTree = "<group>"; };
		27715B771FD7EA6E00C3C013 /* SXMArmyMacro.h */ = {isa = PBXFileReference; lastKnownFileType = sourcecode.c.h; path = SXMArmyMacro.h; sourceTree = "<group>"; };
		27F9A1A81FCEB1D200E9FF2F /* SXMStatusBarMessageView.h */ = {isa = PBXFileReference; lastKnownFileType = sourcecode.c.h; path = SXMStatusBarMessageView.h; sourceTree = "<group>"; };
		27F9A1A91FCEB1D200E9FF2F /* SXMStatusBarMessageView.m */ = {isa = PBXFileReference; lastKnownFileType = sourcecode.c.objc; path = SXMStatusBarMessageView.m; sourceTree = "<group>"; };
		27F9A1AC1FCEC35500E9FF2F /* SXMUIExample.h */ = {isa = PBXFileReference; lastKnownFileType = sourcecode.c.h; path = SXMUIExample.h; sourceTree = "<group>"; };
		27F9A1AD1FCEC35500E9FF2F /* SXMUIExample.m */ = {isa = PBXFileReference; lastKnownFileType = sourcecode.c.objc; path = SXMUIExample.m; sourceTree = "<group>"; };
		27F9A1AF1FCF981200E9FF2F /* SXMStatusBarMessageExample.h */ = {isa = PBXFileReference; lastKnownFileType = sourcecode.c.h; path = SXMStatusBarMessageExample.h; sourceTree = "<group>"; };
		27F9A1B01FCF981200E9FF2F /* SXMStatusBarMessageExample.m */ = {isa = PBXFileReference; lastKnownFileType = sourcecode.c.objc; path = SXMStatusBarMessageExample.m; sourceTree = "<group>"; };
		27F9A1B11FCF981200E9FF2F /* SXMStatusBarMessageExample.xib */ = {isa = PBXFileReference; lastKnownFileType = file.xib; path = SXMStatusBarMessageExample.xib; sourceTree = "<group>"; };
		634DC33420200E43001E4377 /* UIView+SXMAdd.h */ = {isa = PBXFileReference; fileEncoding = 4; lastKnownFileType = sourcecode.c.h; path = "UIView+SXMAdd.h"; sourceTree = "<group>"; };
		634DC33520200E43001E4377 /* UIView+SXMAdd.m */ = {isa = PBXFileReference; fileEncoding = 4; lastKnownFileType = sourcecode.c.objc; path = "UIView+SXMAdd.m"; sourceTree = "<group>"; };
/* End PBXFileReference section */

/* Begin PBXFrameworksBuildPhase section */
		2719F1761FCD056B000FE34E /* Frameworks */ = {
			isa = PBXFrameworksBuildPhase;
			buildActionMask = 2147483647;
			files = (
			);
			runOnlyForDeploymentPostprocessing = 0;
		};
/* End PBXFrameworksBuildPhase section */

/* Begin PBXGroup section */
		2719F1701FCD056B000FE34E = {
			isa = PBXGroup;
			children = (
				2719F1921FCD3143000FE34E /* SXMArmy */,
				2719F17B1FCD056B000FE34E /* SXMArmyDemo */,
				2719F17A1FCD056B000FE34E /* Products */,
			);
			sourceTree = "<group>";
		};
		2719F17A1FCD056B000FE34E /* Products */ = {
			isa = PBXGroup;
			children = (
				2719F1791FCD056B000FE34E /* SXMArmyDemo.app */,
			);
			name = Products;
			sourceTree = "<group>";
		};
		2719F17B1FCD056B000FE34E /* SXMArmyDemo */ = {
			isa = PBXGroup;
			children = (
				2719F17C1FCD056B000FE34E /* AppDelegate.h */,
				2719F17D1FCD056B000FE34E /* AppDelegate.m */,
				2719F1A21FCD519C000FE34E /* SXMBaseTableViewController.h */,
				2719F1A31FCD519C000FE34E /* SXMBaseTableViewController.m */,
				2719F19A1FCD4C4A000FE34E /* SXMRootTableViewController.h */,
				2719F19B1FCD4C4A000FE34E /* SXMRootTableViewController.m */,
				2719F1821FCD056B000FE34E /* Main.storyboard */,
				2719F19D1FCD4C80000FE34E /* Image */,
				27F9A1AB1FCEC32000E9FF2F /* UI */,
				2719F1851FCD056B000FE34E /* Assets.xcassets */,
				2719F1871FCD056B000FE34E /* LaunchScreen.storyboard */,
				2719F18A1FCD056B000FE34E /* Info.plist */,
				2719F18B1FCD056B000FE34E /* main.m */,
			);
			path = SXMArmyDemo;
			sourceTree = "<group>";
		};
		2719F1921FCD3143000FE34E /* SXMArmy */ = {
			isa = PBXGroup;
			children = (
				272453021FD13D7B001BCBC5 /* SXMArmy.h */,
				27715B771FD7EA6E00C3C013 /* SXMArmyMacro.h */,
				2719F1931FCD3143000FE34E /* Category */,
				27F9A1A61FCEB15A00E9FF2F /* UI */,
			);
			name = SXMArmy;
			path = ../../SXMArmy;
			sourceTree = "<group>";
		};
		2719F1931FCD3143000FE34E /* Category */ = {
			isa = PBXGroup;
			children = (
				634DC33420200E43001E4377 /* UIView+SXMAdd.h */,
				634DC33520200E43001E4377 /* UIView+SXMAdd.m */,
				2719F1941FCD39E8000FE34E /* UIImage+SXMAdd.h */,
				2719F1951FCD39E8000FE34E /* UIImage+SXMAdd.m */,
			);
			path = Category;
			sourceTree = "<group>";
		};
		2719F19D1FCD4C80000FE34E /* Image */ = {
			isa = PBXGroup;
			children = (
				2719F19E1FCD4CBF000FE34E /* SXMImageExample.h */,
				2719F19F1FCD4CBF000FE34E /* SXMImageExample.m */,
				2719F1A51FCD5377000FE34E /* SXMImageCategoryExample.h */,
				2719F1A61FCD5377000FE34E /* SXMImageCategoryExample.m */,
				2719F1A71FCD5377000FE34E /* SXMImageCategoryExample.xib */,
			);
			path = Image;
			sourceTree = "<group>";
		};
		27F9A1A61FCEB15A00E9FF2F /* UI */ = {
			isa = PBXGroup;
			children = (
				27F9A1A71FCEB17800E9FF2F /* SXMStatusBarMessage */,
			);
			path = UI;
			sourceTree = "<group>";
		};
		27F9A1A71FCEB17800E9FF2F /* SXMStatusBarMessage */ = {
			isa = PBXGroup;
			children = (
				27F9A1A81FCEB1D200E9FF2F /* SXMStatusBarMessageView.h */,
				27F9A1A91FCEB1D200E9FF2F /* SXMStatusBarMessageView.m */,
			);
			path = SXMStatusBarMessage;
			sourceTree = "<group>";
		};
		27F9A1AB1FCEC32000E9FF2F /* UI */ = {
			isa = PBXGroup;
			children = (
				27F9A1AC1FCEC35500E9FF2F /* SXMUIExample.h */,
				27F9A1AD1FCEC35500E9FF2F /* SXMUIExample.m */,
				27F9A1AF1FCF981200E9FF2F /* SXMStatusBarMessageExample.h */,
				27F9A1B01FCF981200E9FF2F /* SXMStatusBarMessageExample.m */,
				27F9A1B11FCF981200E9FF2F /* SXMStatusBarMessageExample.xib */,
			);
			path = UI;
			sourceTree = "<group>";
		};
/* End PBXGroup section */

/* Begin PBXNativeTarget section */
		2719F1781FCD056B000FE34E /* SXMArmyDemo */ = {
			isa = PBXNativeTarget;
			buildConfigurationList = 2719F18F1FCD056B000FE34E /* Build configuration list for PBXNativeTarget "SXMArmyDemo" */;
			buildPhases = (
				2719F1751FCD056B000FE34E /* Sources */,
				2719F1761FCD056B000FE34E /* Frameworks */,
				2719F1771FCD056B000FE34E /* Resources */,
			);
			buildRules = (
			);
			dependencies = (
			);
			name = SXMArmyDemo;
			productName = SXMArmyDemo;
			productReference = 2719F1791FCD056B000FE34E /* SXMArmyDemo.app */;
			productType = "com.apple.product-type.application";
		};
/* End PBXNativeTarget section */

/* Begin PBXProject section */
		2719F1711FCD056B000FE34E /* Project object */ = {
			isa = PBXProject;
			attributes = {
				CLASSPREFIX = SXM;
				LastUpgradeCheck = 0900;
				ORGANIZATIONNAME = sxm;
				TargetAttributes = {
					2719F1781FCD056B000FE34E = {
						CreatedOnToolsVersion = 9.0;
						ProvisioningStyle = Automatic;
					};
				};
			};
			buildConfigurationList = 2719F1741FCD056B000FE34E /* Build configuration list for PBXProject "SXMArmyDemo" */;
			compatibilityVersion = "Xcode 8.0";
			developmentRegion = en;
			hasScannedForEncodings = 0;
			knownRegions = (
				en,
				Base,
			);
			mainGroup = 2719F1701FCD056B000FE34E;
			productRefGroup = 2719F17A1FCD056B000FE34E /* Products */;
			projectDirPath = "";
			projectRoot = "";
			targets = (
				2719F1781FCD056B000FE34E /* SXMArmyDemo */,
			);
		};
/* End PBXProject section */

/* Begin PBXResourcesBuildPhase section */
		2719F1771FCD056B000FE34E /* Resources */ = {
			isa = PBXResourcesBuildPhase;
			buildActionMask = 2147483647;
			files = (
				2719F1891FCD056B000FE34E /* LaunchScreen.storyboard in Resources */,
				27F9A1B31FCF981200E9FF2F /* SXMStatusBarMessageExample.xib in Resources */,
				2719F1A91FCD5377000FE34E /* SXMImageCategoryExample.xib in Resources */,
				2719F1861FCD056B000FE34E /* Assets.xcassets in Resources */,
				2719F1841FCD056B000FE34E /* Main.storyboard in Resources */,
			);
			runOnlyForDeploymentPostprocessing = 0;
		};
/* End PBXResourcesBuildPhase section */

/* Begin PBXSourcesBuildPhase section */
		2719F1751FCD056B000FE34E /* Sources */ = {
			isa = PBXSourcesBuildPhase;
			buildActionMask = 2147483647;
			files = (
				27F9A1AE1FCEC35500E9FF2F /* SXMUIExample.m in Sources */,
				2719F1A81FCD5377000FE34E /* SXMImageCategoryExample.m in Sources */,
				634DC33620200E43001E4377 /* UIView+SXMAdd.m in Sources */,
				2719F1961FCD39E8000FE34E /* UIImage+SXMAdd.m in Sources */,
				2719F18C1FCD056B000FE34E /* main.m in Sources */,
				2719F1A01FCD4CBF000FE34E /* SXMImageExample.m in Sources */,
				27F9A1B21FCF981200E9FF2F /* SXMStatusBarMessageExample.m in Sources */,
				2719F19C1FCD4C4A000FE34E /* SXMRootTableViewController.m in Sources */,
				27F9A1AA1FCEB1D200E9FF2F /* SXMStatusBarMessageView.m in Sources */,
				2719F17E1FCD056B000FE34E /* AppDelegate.m in Sources */,
				2719F1A41FCD519C000FE34E /* SXMBaseTableViewController.m in Sources */,
			);
			runOnlyForDeploymentPostprocessing = 0;
		};
/* End PBXSourcesBuildPhase section */

/* Begin PBXVariantGroup section */
		2719F1821FCD056B000FE34E /* Main.storyboard */ = {
			isa = PBXVariantGroup;
			children = (
				2719F1831FCD056B000FE34E /* Base */,
			);
			name = Main.storyboard;
			sourceTree = "<group>";
		};
		2719F1871FCD056B000FE34E /* LaunchScreen.storyboard */ = {
			isa = PBXVariantGroup;
			children = (
				2719F1881FCD056B000FE34E /* Base */,
			);
			name = LaunchScreen.storyboard;
			sourceTree = "<group>";
		};
/* End PBXVariantGroup section */

/* Begin XCBuildConfiguration section */
		2719F18D1FCD056B000FE34E /* Debug */ = {
			isa = XCBuildConfiguration;
			buildSettings = {
				ALWAYS_SEARCH_USER_PATHS = NO;
				CLANG_ANALYZER_NONNULL = YES;
				CLANG_ANALYZER_NUMBER_OBJECT_CONVERSION = YES_AGGRESSIVE;
				CLANG_CXX_LANGUAGE_STANDARD = "gnu++14";
				CLANG_CXX_LIBRARY = "libc++";
				CLANG_ENABLE_MODULES = YES;
				CLANG_ENABLE_OBJC_ARC = YES;
				CLANG_WARN_BLOCK_CAPTURE_AUTORELEASING = YES;
				CLANG_WARN_BOOL_CONVERSION = YES;
				CLANG_WARN_COMMA = YES;
				CLANG_WARN_CONSTANT_CONVERSION = YES;
				CLANG_WARN_DIRECT_OBJC_ISA_USAGE = YES_ERROR;
				CLANG_WARN_DOCUMENTATION_COMMENTS = YES;
				CLANG_WARN_EMPTY_BODY = YES;
				CLANG_WARN_ENUM_CONVERSION = YES;
				CLANG_WARN_INFINITE_RECURSION = YES;
				CLANG_WARN_INT_CONVERSION = YES;
				CLANG_WARN_NON_LITERAL_NULL_CONVERSION = YES;
				CLANG_WARN_OBJC_LITERAL_CONVERSION = YES;
				CLANG_WARN_OBJC_ROOT_CLASS = YES_ERROR;
				CLANG_WARN_RANGE_LOOP_ANALYSIS = YES;
				CLANG_WARN_STRICT_PROTOTYPES = YES;
				CLANG_WARN_SUSPICIOUS_MOVE = YES;
				CLANG_WARN_UNGUARDED_AVAILABILITY = YES_AGGRESSIVE;
				CLANG_WARN_UNREACHABLE_CODE = YES;
				CLANG_WARN__DUPLICATE_METHOD_MATCH = YES;
				CODE_SIGN_IDENTITY = "iPhone Developer";
				COPY_PHASE_STRIP = NO;
				DEBUG_INFORMATION_FORMAT = dwarf;
				ENABLE_STRICT_OBJC_MSGSEND = YES;
				ENABLE_TESTABILITY = YES;
				GCC_C_LANGUAGE_STANDARD = gnu11;
				GCC_DYNAMIC_NO_PIC = NO;
				GCC_NO_COMMON_BLOCKS = YES;
				GCC_OPTIMIZATION_LEVEL = 0;
				GCC_PREPROCESSOR_DEFINITIONS = (
					"DEBUG=1",
					"$(inherited)",
				);
				GCC_WARN_64_TO_32_BIT_CONVERSION = YES;
				GCC_WARN_ABOUT_RETURN_TYPE = YES_ERROR;
				GCC_WARN_UNDECLARED_SELECTOR = YES;
				GCC_WARN_UNINITIALIZED_AUTOS = YES_AGGRESSIVE;
				GCC_WARN_UNUSED_FUNCTION = YES;
				GCC_WARN_UNUSED_VARIABLE = YES;
				IPHONEOS_DEPLOYMENT_TARGET = 8.0;
				MTL_ENABLE_DEBUG_INFO = YES;
				ONLY_ACTIVE_ARCH = YES;
				SDKROOT = iphoneos;
			};
			name = Debug;
		};
		2719F18E1FCD056B000FE34E /* Release */ = {
			isa = XCBuildConfiguration;
			buildSettings = {
				ALWAYS_SEARCH_USER_PATHS = NO;
				CLANG_ANALYZER_NONNULL = YES;
				CLANG_ANALYZER_NUMBER_OBJECT_CONVERSION = YES_AGGRESSIVE;
				CLANG_CXX_LANGUAGE_STANDARD = "gnu++14";
				CLANG_CXX_LIBRARY = "libc++";
				CLANG_ENABLE_MODULES = YES;
				CLANG_ENABLE_OBJC_ARC = YES;
				CLANG_WARN_BLOCK_CAPTURE_AUTORELEASING = YES;
				CLANG_WARN_BOOL_CONVERSION = YES;
				CLANG_WARN_COMMA = YES;
				CLANG_WARN_CONSTANT_CONVERSION = YES;
				CLANG_WARN_DIRECT_OBJC_ISA_USAGE = YES_ERROR;
				CLANG_WARN_DOCUMENTATION_COMMENTS = YES;
				CLANG_WARN_EMPTY_BODY = YES;
				CLANG_WARN_ENUM_CONVERSION = YES;
				CLANG_WARN_INFINITE_RECURSION = YES;
				CLANG_WARN_INT_CONVERSION = YES;
				CLANG_WARN_NON_LITERAL_NULL_CONVERSION = YES;
				CLANG_WARN_OBJC_LITERAL_CONVERSION = YES;
				CLANG_WARN_OBJC_ROOT_CLASS = YES_ERROR;
				CLANG_WARN_RANGE_LOOP_ANALYSIS = YES;
				CLANG_WARN_STRICT_PROTOTYPES = YES;
				CLANG_WARN_SUSPICIOUS_MOVE = YES;
				CLANG_WARN_UNGUARDED_AVAILABILITY = YES_AGGRESSIVE;
				CLANG_WARN_UNREACHABLE_CODE = YES;
				CLANG_WARN__DUPLICATE_METHOD_MATCH = YES;
				CODE_SIGN_IDENTITY = "iPhone Developer";
				COPY_PHASE_STRIP = NO;
				DEBUG_INFORMATION_FORMAT = "dwarf-with-dsym";
				ENABLE_NS_ASSERTIONS = NO;
				ENABLE_STRICT_OBJC_MSGSEND = YES;
				GCC_C_LANGUAGE_STANDARD = gnu11;
				GCC_NO_COMMON_BLOCKS = YES;
				GCC_WARN_64_TO_32_BIT_CONVERSION = YES;
				GCC_WARN_ABOUT_RETURN_TYPE = YES_ERROR;
				GCC_WARN_UNDECLARED_SELECTOR = YES;
				GCC_WARN_UNINITIALIZED_AUTOS = YES_AGGRESSIVE;
				GCC_WARN_UNUSED_FUNCTION = YES;
				GCC_WARN_UNUSED_VARIABLE = YES;
				IPHONEOS_DEPLOYMENT_TARGET = 8.0;
				MTL_ENABLE_DEBUG_INFO = NO;
				SDKROOT = iphoneos;
				VALIDATE_PRODUCT = YES;
			};
			name = Release;
		};
		2719F1901FCD056B000FE34E /* Debug */ = {
			isa = XCBuildConfiguration;
			buildSettings = {
				ASSETCATALOG_COMPILER_APPICON_NAME = AppIcon;
				CODE_SIGN_STYLE = Automatic;
				DEVELOPMENT_TEAM = W8PVK52JS2;
				INFOPLIST_FILE = SXMArmyDemo/Info.plist;
				LD_RUNPATH_SEARCH_PATHS = "$(inherited) @executable_path/Frameworks";
				PRODUCT_BUNDLE_IDENTIFIER = com.sxm.SXMArmyDemo;
				PRODUCT_NAME = "$(TARGET_NAME)";
				TARGETED_DEVICE_FAMILY = "1,2";
			};
			name = Debug;
		};
		2719F1911FCD056B000FE34E /* Release */ = {
			isa = XCBuildConfiguration;
			buildSettings = {
				ASSETCATALOG_COMPILER_APPICON_NAME = AppIcon;
				CODE_SIGN_STYLE = Automatic;
				DEVELOPMENT_TEAM = W8PVK52JS2;
				INFOPLIST_FILE = SXMArmyDemo/Info.plist;
				LD_RUNPATH_SEARCH_PATHS = "$(inherited) @executable_path/Frameworks";
				PRODUCT_BUNDLE_IDENTIFIER = com.sxm.SXMArmyDemo;
				PRODUCT_NAME = "$(TARGET_NAME)";
				TARGETED_DEVICE_FAMILY = "1,2";
			};
			name = Release;
		};
/* End XCBuildConfiguration section */

/* Begin XCConfigurationList section */
		2719F1741FCD056B000FE34E /* Build configuration list for PBXProject "SXMArmyDemo" */ = {
			isa = XCConfigurationList;
			buildConfigurations = (
				2719F18D1FCD056B000FE34E /* Debug */,
				2719F18E1FCD056B000FE34E /* Release */,
			);
			defaultConfigurationIsVisible = 0;
			defaultConfigurationName = Release;
		};
		2719F18F1FCD056B000FE34E /* Build configuration list for PBXNativeTarget "SXMArmyDemo" */ = {
			isa = XCConfigurationList;
			buildConfigurations = (
				2719F1901FCD056B000FE34E /* Debug */,
				2719F1911FCD056B000FE34E /* Release */,
			);
			defaultConfigurationIsVisible = 0;
			defaultConfigurationName = Release;
		};
/* End XCConfigurationList section */
	};
	rootObject = 2719F1711FCD056B000FE34E /* Project object */;
}
